
Microsoft Visual Studio Solution File, Format Version 12.00
# Visual Studio Version 16
VisualStudioVersion = 16.0.31911.196
MinimumVisualStudioVersion = 10.0.40219.1
Project("{FAE04EC0-301F-11D3-BF4B-00C04F79EFBC}") = "PasswordEncryption", "PasswordEncryption\PasswordEncryption.csproj", "{A8BCBD03-F4CF-4158-B3B6-402F39D33DEB}"
EndProject
Global
	GlobalSection(SolutionConfigurationPlatforms) = preSolution
		Debug|Any CPU = Debug|Any CPU
		Release|Any CPU = Release|Any CPU
	EndGlobalSection
	GlobalSection(ProjectConfigurationPlatforms) = postSolution
		{A8BCBD03-F4CF-4158-B3B6-402F39D33DEB}.Debug|Any CPU.ActiveCfg = Debug|Any CPU
		{A8BCBD03-F4CF-4158-B3B6-402F39D33DEB}.Debug|Any CPU.Build.0 = Debug|Any CPU
		{A8BCBD03-F4CF-4158-B3B6-402F39D33DEB}.Release|Any CPU.ActiveCfg = Release|Any CPU
		{A8BCBD03-F4CF-4158-B3B6-402F39D33DEB}.Release|Any CPU.Build.0 = Release|Any CPU
	EndGlobalSection
	GlobalSection(SolutionProperties) = preSolution
		HideSolutionNode = FALSE
	EndGlobalSection
	GlobalSection(ExtensibilityGlobals) = postSolution
		SolutionGuid = {904DAD27-EA04-400C-8AB7-11EF49946983}
	EndGlobalSection
EndGlobal
